
Microsoft Visual Studio Solution File, Format Version 12.00
# Visual Studio Version 16
VisualStudioVersion = 16.0.30114.105
MinimumVisualStudioVersion = 10.0.40219.1
Project("{FAE04EC0-301F-11D3-BF4B-00C04F79EFBC}") = "WikipediaExport", "WikipediaExport\WikipediaExport.csproj", "{8C276CBE-EECE-4EC9-90CB-C8B3FBFBC3BB}"
EndProject
Global
	GlobalSection(SolutionConfigurationPlatforms) = preSolution
		Debug|Any CPU = Debug|Any CPU
		Release|Any CPU = Release|Any CPU
	EndGlobalSection
	GlobalSection(ProjectConfigurationPlatforms) = postSolution
		{8C276CBE-EECE-4EC9-90CB-C8B3FBFBC3BB}.Debug|Any CPU.ActiveCfg = Debug|Any CPU
		{8C276CBE-EECE-4EC9-90CB-C8B3FBFBC3BB}.Debug|Any CPU.Build.0 = Debug|Any CPU
		{8C276CBE-EECE-4EC9-90CB-C8B3FBFBC3BB}.Release|Any CPU.ActiveCfg = Release|Any CPU
		{8C276CBE-EECE-4EC9-90CB-C8B3FBFBC3BB}.Release|Any CPU.Build.0 = Release|Any CPU
	EndGlobalSection
	GlobalSection(SolutionProperties) = preSolution
		HideSolutionNode = FALSE
	EndGlobalSection
	GlobalSection(ExtensibilityGlobals) = postSolution
		SolutionGuid = {973893B0-C220-4C3E-8B41-18A105F49F9A}
	EndGlobalSection
EndGlobal
